
Microsoft Visual Studio Solution File, Format Version 12.00
# Visual Studio Version 17
VisualStudioVersion = 17.2.32505.173
MinimumVisualStudioVersion = 10.0.40219.1
Project("{FAE04EC0-301F-11D3-BF4B-00C04F79EFBC}") = "FunnyApp", "FunnyApp\FunnyApp.csproj", "{1E30D7B7-4822-44AA-812B-F6CA4AD6E09C}"
EndProject
Global
	GlobalSection(SolutionConfigurationPlatforms) = preSolution
		Debug|Any CPU = Debug|Any CPU
		Release|Any CPU = Release|Any CPU
	EndGlobalSection
	GlobalSection(ProjectConfigurationPlatforms) = postSolution
		{1E30D7B7-4822-44AA-812B-F6CA4AD6E09C}.Debug|Any CPU.ActiveCfg = Debug|Any CPU
		{1E30D7B7-4822-44AA-812B-F6CA4AD6E09C}.Debug|Any CPU.Build.0 = Debug|Any CPU
		{1E30D7B7-4822-44AA-812B-F6CA4AD6E09C}.Release|Any CPU.ActiveCfg = Release|Any CPU
		{1E30D7B7-4822-44AA-812B-F6CA4AD6E09C}.Release|Any CPU.Build.0 = Release|Any CPU
	EndGlobalSection
	GlobalSection(SolutionProperties) = preSolution
		HideSolutionNode = FALSE
	EndGlobalSection
	GlobalSection(ExtensibilityGlobals) = postSolution
		SolutionGuid = {2F3E1A54-3CAE-42EE-A7ED-B5B63A538BB1}
	EndGlobalSection
EndGlobal
